
Microsoft Visual Studio Solution File, Format Version 12.00
# Visual Studio Version 16
VisualStudioVersion = 16.0.28803.352
MinimumVisualStudioVersion = 10.0.40219.1
Project("{FAE04EC0-301F-11D3-BF4B-00C04F79EFBC}") = "SegundoParcial", "SegundoParcial\SegundoParcial.csproj", "{D53EED11-3885-4D05-A8D5-379C1A245C31}"
EndProject
Global
	GlobalSection(SolutionConfigurationPlatforms) = preSolution
		Debug|Any CPU = Debug|Any CPU
		Release|Any CPU = Release|Any CPU
	EndGlobalSection
	GlobalSection(ProjectConfigurationPlatforms) = postSolution
		{D53EED11-3885-4D05-A8D5-379C1A245C31}.Debug|Any CPU.ActiveCfg = Debug|Any CPU
		{D53EED11-3885-4D05-A8D5-379C1A245C31}.Debug|Any CPU.Build.0 = Debug|Any CPU
		{D53EED11-3885-4D05-A8D5-379C1A245C31}.Release|Any CPU.ActiveCfg = Release|Any CPU
		{D53EED11-3885-4D05-A8D5-379C1A245C31}.Release|Any CPU.Build.0 = Release|Any CPU
	EndGlobalSection
	GlobalSection(SolutionProperties) = preSolution
		HideSolutionNode = FALSE
	EndGlobalSection
	GlobalSection(ExtensibilityGlobals) = postSolution
		SolutionGuid = {8C414DA3-E04A-48A4-B923-9BC936CDDEF6}
	EndGlobalSection
EndGlobal
